
Microsoft Visual Studio Solution File, Format Version 12.00
Project("{FAE04EC0-301F-11D3-BF4B-00C04F79EFBC}") = "ConsoleApplication14", "ConsoleApplication14\ConsoleApplication14.csproj", "{1696AC6D-FBDA-4CA2-8105-407A88AE3D8B}"
EndProject
Project("{FAE04EC0-301F-11D3-BF4B-00C04F79EFBC}") = "TestProject1", "TestProject1\TestProject1.csproj", "{D22C9A77-8459-4B90-A166-AF7BB99D1176}"
EndProject
Global
	GlobalSection(SolutionConfigurationPlatforms) = preSolution
		Debug|Any CPU = Debug|Any CPU
		Release|Any CPU = Release|Any CPU
	EndGlobalSection
	GlobalSection(ProjectConfigurationPlatforms) = postSolution
		{1696AC6D-FBDA-4CA2-8105-407A88AE3D8B}.Debug|Any CPU.ActiveCfg = Debug|Any CPU
		{1696AC6D-FBDA-4CA2-8105-407A88AE3D8B}.Debug|Any CPU.Build.0 = Debug|Any CPU
		{1696AC6D-FBDA-4CA2-8105-407A88AE3D8B}.Release|Any CPU.ActiveCfg = Release|Any CPU
		{1696AC6D-FBDA-4CA2-8105-407A88AE3D8B}.Release|Any CPU.Build.0 = Release|Any CPU
		{D22C9A77-8459-4B90-A166-AF7BB99D1176}.Debug|Any CPU.ActiveCfg = Debug|Any CPU
		{D22C9A77-8459-4B90-A166-AF7BB99D1176}.Debug|Any CPU.Build.0 = Debug|Any CPU
		{D22C9A77-8459-4B90-A166-AF7BB99D1176}.Release|Any CPU.ActiveCfg = Release|Any CPU
		{D22C9A77-8459-4B90-A166-AF7BB99D1176}.Release|Any CPU.Build.0 = Release|Any CPU
	EndGlobalSection
EndGlobal
